
Microsoft Visual Studio Solution File, Format Version 12.00
# Visual Studio Version 17
VisualStudioVersion = 17.8.34330.188
MinimumVisualStudioVersion = 10.0.40219.1
Project("{FAE04EC0-301F-11D3-BF4B-00C04F79EFBC}") = "GetHackedPrototype", "GetHackedPrototype.csproj", "{E5BA6802-63A8-4DFE-9CEB-CE683D371F53}"
EndProject
Global
	GlobalSection(SolutionConfigurationPlatforms) = preSolution
		Debug|Any CPU = Debug|Any CPU
		Release|Any CPU = Release|Any CPU
	EndGlobalSection
	GlobalSection(ProjectConfigurationPlatforms) = postSolution
		{E5BA6802-63A8-4DFE-9CEB-CE683D371F53}.Debug|Any CPU.ActiveCfg = Debug|Any CPU
		{E5BA6802-63A8-4DFE-9CEB-CE683D371F53}.Debug|Any CPU.Build.0 = Debug|Any CPU
		{E5BA6802-63A8-4DFE-9CEB-CE683D371F53}.Release|Any CPU.ActiveCfg = Release|Any CPU
		{E5BA6802-63A8-4DFE-9CEB-CE683D371F53}.Release|Any CPU.Build.0 = Release|Any CPU
	EndGlobalSection
	GlobalSection(SolutionProperties) = preSolution
		HideSolutionNode = FALSE
	EndGlobalSection
	GlobalSection(ExtensibilityGlobals) = postSolution
		SolutionGuid = {B1AD5107-4727-4B0B-8C9D-2622D388860F}
	EndGlobalSection
EndGlobal
